
Microsoft Visual Studio Solution File, Format Version 12.00
# Visual Studio 2013
VisualStudioVersion = 12.0.40629.0
MinimumVisualStudioVersion = 10.0.40219.1
Project("{FAE04EC0-301F-11D3-BF4B-00C04F79EFBC}") = "SAC_.Domain", "Sebrae.SAC.Domain\SAC_.Domain.csproj", "{BD3EC390-8B73-4582-88EB-7A00F8E4A126}"
EndProject
Project("{FAE04EC0-301F-11D3-BF4B-00C04F79EFBC}") = "Sebrae.SAC.Services", "Sebrae.SAC.Services\Sebrae.SAC.Services.csproj", "{A913FACE-12E2-43F5-8A75-E25D3C0A0BA3}"
EndProject
Project("{FAE04EC0-301F-11D3-BF4B-00C04F79EFBC}") = "Sebrae.SAC.Tests", "Sebrae.SAC.Tests\Sebrae.SAC.Tests.csproj", "{F437BBF1-D5EE-491A-BE38-EBD93543A9B5}"
EndProject
Project("{FAE04EC0-301F-11D3-BF4B-00C04F79EFBC}") = "Sebrae.SAC.WebUI2", "Sebrae.SAC.WebUI2\Sebrae.SAC.WebUI2.csproj", "{3A3414DA-F6A3-4CF9-9892-6A17C3026AB6}"
EndProject
Global
	GlobalSection(SolutionConfigurationPlatforms) = preSolution
		Debug|Any CPU = Debug|Any CPU
		Release|Any CPU = Release|Any CPU
	EndGlobalSection
	GlobalSection(ProjectConfigurationPlatforms) = postSolution
		{BD3EC390-8B73-4582-88EB-7A00F8E4A126}.Debug|Any CPU.ActiveCfg = Debug|Any CPU
		{BD3EC390-8B73-4582-88EB-7A00F8E4A126}.Debug|Any CPU.Build.0 = Debug|Any CPU
		{BD3EC390-8B73-4582-88EB-7A00F8E4A126}.Release|Any CPU.ActiveCfg = Release|Any CPU
		{BD3EC390-8B73-4582-88EB-7A00F8E4A126}.Release|Any CPU.Build.0 = Release|Any CPU
		{A913FACE-12E2-43F5-8A75-E25D3C0A0BA3}.Debug|Any CPU.ActiveCfg = Debug|Any CPU
		{A913FACE-12E2-43F5-8A75-E25D3C0A0BA3}.Debug|Any CPU.Build.0 = Debug|Any CPU
		{A913FACE-12E2-43F5-8A75-E25D3C0A0BA3}.Release|Any CPU.ActiveCfg = Release|Any CPU
		{A913FACE-12E2-43F5-8A75-E25D3C0A0BA3}.Release|Any CPU.Build.0 = Release|Any CPU
		{F437BBF1-D5EE-491A-BE38-EBD93543A9B5}.Debug|Any CPU.ActiveCfg = Debug|Any CPU
		{F437BBF1-D5EE-491A-BE38-EBD93543A9B5}.Debug|Any CPU.Build.0 = Debug|Any CPU
		{F437BBF1-D5EE-491A-BE38-EBD93543A9B5}.Release|Any CPU.ActiveCfg = Release|Any CPU
		{F437BBF1-D5EE-491A-BE38-EBD93543A9B5}.Release|Any CPU.Build.0 = Release|Any CPU
		{3A3414DA-F6A3-4CF9-9892-6A17C3026AB6}.Debug|Any CPU.ActiveCfg = Debug|Any CPU
		{3A3414DA-F6A3-4CF9-9892-6A17C3026AB6}.Debug|Any CPU.Build.0 = Debug|Any CPU
		{3A3414DA-F6A3-4CF9-9892-6A17C3026AB6}.Release|Any CPU.ActiveCfg = Release|Any CPU
		{3A3414DA-F6A3-4CF9-9892-6A17C3026AB6}.Release|Any CPU.Build.0 = Release|Any CPU
	EndGlobalSection
	GlobalSection(SolutionProperties) = preSolution
		HideSolutionNode = FALSE
	EndGlobalSection
EndGlobal
